
Microsoft Visual Studio Solution File, Format Version 12.00
# Visual Studio Version 16
VisualStudioVersion = 16.0.33801.447
MinimumVisualStudioVersion = 10.0.40219.1
Project("{FAE04EC0-301F-11D3-BF4B-00C04F79EFBC}") = "BankQuestionv4", "BankQuestionv4\BankQuestionv4.csproj", "{912EA356-345A-4F2B-A7AD-EB4431EE5933}"
EndProject
Global
	GlobalSection(SolutionConfigurationPlatforms) = preSolution
		Debug|Any CPU = Debug|Any CPU
		Release|Any CPU = Release|Any CPU
	EndGlobalSection
	GlobalSection(ProjectConfigurationPlatforms) = postSolution
		{912EA356-345A-4F2B-A7AD-EB4431EE5933}.Debug|Any CPU.ActiveCfg = Debug|Any CPU
		{912EA356-345A-4F2B-A7AD-EB4431EE5933}.Debug|Any CPU.Build.0 = Debug|Any CPU
		{912EA356-345A-4F2B-A7AD-EB4431EE5933}.Release|Any CPU.ActiveCfg = Release|Any CPU
		{912EA356-345A-4F2B-A7AD-EB4431EE5933}.Release|Any CPU.Build.0 = Release|Any CPU
	EndGlobalSection
	GlobalSection(SolutionProperties) = preSolution
		HideSolutionNode = FALSE
	EndGlobalSection
	GlobalSection(ExtensibilityGlobals) = postSolution
		SolutionGuid = {19A439E8-3B9F-4588-8EDB-4EF9757EE174}
	EndGlobalSection
EndGlobal
